
Microsoft Visual Studio Solution File, Format Version 12.00
# Visual Studio Version 17
VisualStudioVersion = 17.3.32825.248
MinimumVisualStudioVersion = 10.0.40219.1
Project("{FAE04EC0-301F-11D3-BF4B-00C04F79EFBC}") = "A1NandiniPatel", "A1NandiniPatel\A1NandiniPatel.csproj", "{7E5ED3D3-8EDC-412B-B21F-0236EAEC13B6}"
EndProject
Global
	GlobalSection(SolutionConfigurationPlatforms) = preSolution
		Debug|Any CPU = Debug|Any CPU
		Release|Any CPU = Release|Any CPU
	EndGlobalSection
	GlobalSection(ProjectConfigurationPlatforms) = postSolution
		{7E5ED3D3-8EDC-412B-B21F-0236EAEC13B6}.Debug|Any CPU.ActiveCfg = Debug|Any CPU
		{7E5ED3D3-8EDC-412B-B21F-0236EAEC13B6}.Debug|Any CPU.Build.0 = Debug|Any CPU
		{7E5ED3D3-8EDC-412B-B21F-0236EAEC13B6}.Release|Any CPU.ActiveCfg = Release|Any CPU
		{7E5ED3D3-8EDC-412B-B21F-0236EAEC13B6}.Release|Any CPU.Build.0 = Release|Any CPU
	EndGlobalSection
	GlobalSection(SolutionProperties) = preSolution
		HideSolutionNode = FALSE
	EndGlobalSection
	GlobalSection(ExtensibilityGlobals) = postSolution
		SolutionGuid = {32C23572-7783-40CD-92DD-FEEC763AC5AD}
	EndGlobalSection
EndGlobal
